// !$*UTF8*$!
{
	archiveVersion = 1;
	classes = {
	};
	objectVersion = 55;
	objects = {

/* Begin PBXBuildFile section */
		344C92982F356736008C5CF7 /* WhatsappApp.swift in Sources */ = {isa = PBXBuildFile; fileRef = 344C92972F356736008C5CF7 /* WhatsappApp.swift */; };
		344C929A2F356736008C5CF7 /* ContentView.swift in Sources */ = {isa = PBXBuildFile; fileRef = 344C92992F356736008C5CF7 /* ContentView.swift */; };
		344C929C2F356759008C5CF7 /* Assets.xcassets in Resources */ = {isa = PBXBuildFile; fileRef = 344C929B2F356759008C5CF7 /* Assets.xcassets */; };
		344C929F2F356759008C5CF7 /* Preview Assets.xcassets in Resources */ = {isa = PBXBuildFile; fileRef = 344C929E2F356759008C5CF7 /* Preview Assets.xcassets */; };
		344C92AA2F35675A008C5CF7 /* WhatsappTests.swift in Sources */ = {isa = PBXBuildFile; fileRef = 344C92A92F35675A008C5CF7 /* WhatsappTests.swift */; };
		344C92B42F35675A008C5CF7 /* WhatsappUITests.swift in Sources */ = {isa = PBXBuildFile; fileRef = 344C92B32F35675A008C5CF7 /* WhatsappUITests.swift */; };
		344C92B62F35675A008C5CF7 /* WhatsappUITestsLaunchTests.swift in Sources */ = {isa = PBXBuildFile; fileRef = 344C92B52F35675A008C5CF7 /* WhatsappUITestsLaunchTests.swift */; };
		34553AF32F379D350015E1DC /* AppDelegate.swift in Sources */ = {isa = PBXBuildFile; fileRef = 34553AF22F379D350015E1DC /* AppDelegate.swift */; };
		34553AF52F37A2CA0015E1DC /* WhatsappView.swift in Sources */ = {isa = PBXBuildFile; fileRef = 34553AF42F37A2CA0015E1DC /* WhatsappView.swift */; };
		34553AF72F37A3250015E1DC /* NotificationManager.swift in Sources */ = {isa = PBXBuildFile; fileRef = 34553AF62F37A3250015E1DC /* NotificationManager.swift */; };
		34553AF92F37A3710015E1DC /* info.plist in Resources */ = {isa = PBXBuildFile; fileRef = 34553AF82F37A3710015E1DC /* info.plist */; };
/* End PBXBuildFile section */

/* Begin PBXContainerItemProxy section */
		344C92A62F35675A008C5CF7 /* PBXContainerItemProxy */ = {
			isa = PBXContainerItemProxy;
			containerPortal = 344C928C2F356736008C5CF7 /* Project object */;
			proxyType = 1;
			remoteGlobalIDString = 344C92932F356736008C5CF7;
			remoteInfo = Whatsapp;
		};
		344C92B02F35675A008C5CF7 /* PBXContainerItemProxy */ = {
			isa = PBXContainerItemProxy;
			containerPortal = 344C928C2F356736008C5CF7 /* Project object */;
			proxyType = 1;
			remoteGlobalIDString = 344C92932F356736008C5CF7;
			remoteInfo = Whatsapp;
		};
/* End PBXContainerItemProxy section */

/* Begin PBXFileReference section */
		344C92942F356736008C5CF7 /* Whatsapp.app */ = {isa = PBXFileReference; explicitFileType = wrapper.application; includeInIndex = 0; path = Whatsapp.app; sourceTree = BUILT_PRODUCTS_DIR; };
		344C92972F356736008C5CF7 /* WhatsappApp.swift */ = {isa = PBXFileReference; lastKnownFileType = sourcecode.swift; path = WhatsappApp.swift; sourceTree = "<group>"; };
		344C92992F356736008C5CF7 /* ContentView.swift */ = {isa = PBXFileReference; lastKnownFileType = sourcecode.swift; path = ContentView.swift; sourceTree = "<group>"; };
		344C929B2F356759008C5CF7 /* Assets.xcassets */ = {isa = PBXFileReference; lastKnownFileType = folder.assetcatalog; path = Assets.xcassets; sourceTree = "<group>"; };
		344C929E2F356759008C5CF7 /* Preview Assets.xcassets */ = {isa = PBXFileReference; lastKnownFileType = folder.assetcatalog; path = "Preview Assets.xcassets"; sourceTree = "<group>"; };
		344C92A02F356759008C5CF7 /* Whatsapp.entitlements */ = {isa = PBXFileReference; lastKnownFileType = text.plist.entitlements; path = Whatsapp.entitlements; sourceTree = "<group>"; };
		344C92A52F35675A008C5CF7 /* WhatsappTests.xctest */ = {isa = PBXFileReference; explicitFileType = wrapper.cfbundle; includeInIndex = 0; path = WhatsappTests.xctest; sourceTree = BUILT_PRODUCTS_DIR; };
		344C92A92F35675A008C5CF7 /* WhatsappTests.swift */ = {isa = PBXFileReference; lastKnownFileType = sourcecode.swift; path = WhatsappTests.swift; sourceTree = "<group>"; };
		344C92AF2F35675A008C5CF7 /* WhatsappUITests.xctest */ = {isa = PBXFileReference; explicitFileType = wrapper.cfbundle; includeInIndex = 0; path = WhatsappUITests.xctest; sourceTree = BUILT_PRODUCTS_DIR; };
		344C92B32F35675A008C5CF7 /* WhatsappUITests.swift */ = {isa = PBXFileReference; lastKnownFileType = sourcecode.swift; path = WhatsappUITests.swift; sourceTree = "<group>"; };
		344C92B52F35675A008C5CF7 /* WhatsappUITestsLaunchTests.swift */ = {isa = PBXFileReference; lastKnownFileType = sourcecode.swift; path = WhatsappUITestsLaunchTests.swift; sourceTree = "<group>"; };
		34553AF22F379D350015E1DC /* AppDelegate.swift */ = {isa = PBXFileReference; lastKnownFileType = sourcecode.swift; path = AppDelegate.swift; sourceTree = "<group>"; };
		34553AF42F37A2CA0015E1DC /* WhatsappView.swift */ = {isa = PBXFileReference; lastKnownFileType = sourcecode.swift; path = WhatsappView.swift; sourceTree = "<group>"; };
		34553AF62F37A3250015E1DC /* NotificationManager.swift */ = {isa = PBXFileReference; lastKnownFileType = sourcecode.swift; path = NotificationManager.swift; sourceTree = "<group>"; };
		34553AF82F37A3710015E1DC /* info.plist */ = {isa = PBXFileReference; lastKnownFileType = text.plist.xml; path = info.plist; sourceTree = "<group>"; };
/* End PBXFileReference section */

/* Begin PBXFrameworksBuildPhase section */
		344C92912F356736008C5CF7 /* Frameworks */ = {
			isa = PBXFrameworksBuildPhase;
			buildActionMask = 2147483647;
			files = (
			);
			runOnlyForDeploymentPostprocessing = 0;
		};
		344C92A22F35675A008C5CF7 /* Frameworks */ = {
			isa = PBXFrameworksBuildPhase;
			buildActionMask = 2147483647;
			files = (
			);
			runOnlyForDeploymentPostprocessing = 0;
		};
		344C92AC2F35675A008C5CF7 /* Frameworks */ = {
			isa = PBXFrameworksBuildPhase;
			buildActionMask = 2147483647;
			files = (
			);
			runOnlyForDeploymentPostprocessing = 0;
		};
/* End PBXFrameworksBuildPhase section */

/* Begin PBXGroup section */
		344C928B2F356736008C5CF7 = {
			isa = PBXGroup;
			children = (
				344C92962F356736008C5CF7 /* Whatsapp */,
				344C92A82F35675A008C5CF7 /* WhatsappTests */,
				344C92B22F35675A008C5CF7 /* WhatsappUITests */,
				344C92952F356736008C5CF7 /* Products */,
			);
			sourceTree = "<group>";
		};
		344C92952F356736008C5CF7 /* Products */ = {
			isa = PBXGroup;
			children = (
				344C92942F356736008C5CF7 /* Whatsapp.app */,
				344C92A52F35675A008C5CF7 /* WhatsappTests.xctest */,
				344C92AF2F35675A008C5CF7 /* WhatsappUITests.xctest */,
			);
			name = Products;
			sourceTree = "<group>";
		};
		344C92962F356736008C5CF7 /* Whatsapp */ = {
			isa = PBXGroup;
			children = (
				344C92972F356736008C5CF7 /* WhatsappApp.swift */,
				34553AF22F379D350015E1DC /* AppDelegate.swift */,
				344C92992F356736008C5CF7 /* ContentView.swift */,
				34553AF42F37A2CA0015E1DC /* WhatsappView.swift */,
				34553AF62F37A3250015E1DC /* NotificationManager.swift */,
				344C929B2F356759008C5CF7 /* Assets.xcassets */,
				344C92A02F356759008C5CF7 /* Whatsapp.entitlements */,
				344C929D2F356759008C5CF7 /* Preview Content */,
				34553AF82F37A3710015E1DC /* info.plist */,
			);
			path = Whatsapp;
			sourceTree = "<group>";
		};
		344C929D2F356759008C5CF7 /* Preview Content */ = {
			isa = PBXGroup;
			children = (
				344C929E2F356759008C5CF7 /* Preview Assets.xcassets */,
			);
			path = "Preview Content";
			sourceTree = "<group>";
		};
		344C92A82F35675A008C5CF7 /* WhatsappTests */ = {
			isa = PBXGroup;
			children = (
				344C92A92F35675A008C5CF7 /* WhatsappTests.swift */,
			);
			path = WhatsappTests;
			sourceTree = "<group>";
		};
		344C92B22F35675A008C5CF7 /* WhatsappUITests */ = {
			isa = PBXGroup;
			children = (
				344C92B32F35675A008C5CF7 /* WhatsappUITests.swift */,
				344C92B52F35675A008C5CF7 /* WhatsappUITestsLaunchTests.swift */,
			);
			path = WhatsappUITests;
			sourceTree = "<group>";
		};
/* End PBXGroup section */

/* Begin PBXNativeTarget section */
		344C92932F356736008C5CF7 /* Whatsapp */ = {
			isa = PBXNativeTarget;
			buildConfigurationList = 344C92B92F35675A008C5CF7 /* Build configuration list for PBXNativeTarget "Whatsapp" */;
			buildPhases = (
				344C92902F356736008C5CF7 /* Sources */,
				344C92912F356736008C5CF7 /* Frameworks */,
				344C92922F356736008C5CF7 /* Resources */,
			);
			buildRules = (
			);
			dependencies = (
			);
			name = Whatsapp;
			productName = Whatsapp;
			productReference = 344C92942F356736008C5CF7 /* Whatsapp.app */;
			productType = "com.apple.product-type.application";
		};
		344C92A42F35675A008C5CF7 /* WhatsappTests */ = {
			isa = PBXNativeTarget;
			buildConfigurationList = 344C92BC2F35675A008C5CF7 /* Build configuration list for PBXNativeTarget "WhatsappTests" */;
			buildPhases = (
				344C92A12F35675A008C5CF7 /* Sources */,
				344C92A22F35675A008C5CF7 /* Frameworks */,
				344C92A32F35675A008C5CF7 /* Resources */,
			);
			buildRules = (
			);
			dependencies = (
				344C92A72F35675A008C5CF7 /* PBXTargetDependency */,
			);
			name = WhatsappTests;
			productName = WhatsappTests;
			productReference = 344C92A52F35675A008C5CF7 /* WhatsappTests.xctest */;
			productType = "com.apple.product-type.bundle.unit-test";
		};
		344C92AE2F35675A008C5CF7 /* WhatsappUITests */ = {
			isa = PBXNativeTarget;
			buildConfigurationList = 344C92BF2F35675A008C5CF7 /* Build configuration list for PBXNativeTarget "WhatsappUITests" */;
			buildPhases = (
				344C92AB2F35675A008C5CF7 /* Sources */,
				344C92AC2F35675A008C5CF7 /* Frameworks */,
				344C92AD2F35675A008C5CF7 /* Resources */,
			);
			buildRules = (
			);
			dependencies = (
				344C92B12F35675A008C5CF7 /* PBXTargetDependency */,
			);
			name = WhatsappUITests;
			productName = WhatsappUITests;
			productReference = 344C92AF2F35675A008C5CF7 /* WhatsappUITests.xctest */;
			productType = "com.apple.product-type.bundle.ui-testing";
		};
/* End PBXNativeTarget section */

/* Begin PBXProject section */
		344C928C2F356736008C5CF7 /* Project object */ = {
			isa = PBXProject;
			attributes = {
				BuildIndependentTargetsInParallel = 1;
				LastSwiftUpdateCheck = 1320;
				LastUpgradeCheck = 1320;
				TargetAttributes = {
					344C92932F356736008C5CF7 = {
						CreatedOnToolsVersion = 13.2.1;
					};
					344C92A42F35675A008C5CF7 = {
						CreatedOnToolsVersion = 13.2.1;
						TestTargetID = 344C92932F356736008C5CF7;
					};
					344C92AE2F35675A008C5CF7 = {
						CreatedOnToolsVersion = 13.2.1;
						TestTargetID = 344C92932F356736008C5CF7;
					};
				};
			};
			buildConfigurationList = 344C928F2F356736008C5CF7 /* Build configuration list for PBXProject "Whatsapp" */;
			compatibilityVersion = "Xcode 13.0";
			developmentRegion = en;
			hasScannedForEncodings = 0;
			knownRegions = (
				en,
				Base,
			);
			mainGroup = 344C928B2F356736008C5CF7;
			productRefGroup = 344C92952F356736008C5CF7 /* Products */;
			projectDirPath = "";
			projectRoot = "";
			targets = (
				344C92932F356736008C5CF7 /* Whatsapp */,
				344C92A42F35675A008C5CF7 /* WhatsappTests */,
				344C92AE2F35675A008C5CF7 /* WhatsappUITests */,
			);
		};
/* End PBXProject section */

/* Begin PBXResourcesBuildPhase section */
		344C92922F356736008C5CF7 /* Resources */ = {
			isa = PBXResourcesBuildPhase;
			buildActionMask = 2147483647;
			files = (
				344C929F2F356759008C5CF7 /* Preview Assets.xcassets in Resources */,
				344C929C2F356759008C5CF7 /* Assets.xcassets in Resources */,
				34553AF92F37A3710015E1DC /* info.plist in Resources */,
			);
			runOnlyForDeploymentPostprocessing = 0;
		};
		344C92A32F35675A008C5CF7 /* Resources */ = {
			isa = PBXResourcesBuildPhase;
			buildActionMask = 2147483647;
			files = (
			);
			runOnlyForDeploymentPostprocessing = 0;
		};
		344C92AD2F35675A008C5CF7 /* Resources */ = {
			isa = PBXResourcesBuildPhase;
			buildActionMask = 2147483647;
			files = (
			);
			runOnlyForDeploymentPostprocessing = 0;
		};
/* End PBXResourcesBuildPhase section */

/* Begin PBXSourcesBuildPhase section */
		344C92902F356736008C5CF7 /* Sources */ = {
			isa = PBXSourcesBuildPhase;
			buildActionMask = 2147483647;
			files = (
				34553AF52F37A2CA0015E1DC /* WhatsappView.swift in Sources */,
				34553AF32F379D350015E1DC /* AppDelegate.swift in Sources */,
				34553AF72F37A3250015E1DC /* NotificationManager.swift in Sources */,
				344C929A2F356736008C5CF7 /* ContentView.swift in Sources */,
				344C92982F356736008C5CF7 /* WhatsappApp.swift in Sources */,
			);
			runOnlyForDeploymentPostprocessing = 0;
		};
		344C92A12F35675A008C5CF7 /* Sources */ = {
			isa = PBXSourcesBuildPhase;
			buildActionMask = 2147483647;
			files = (
				344C92AA2F35675A008C5CF7 /* WhatsappTests.swift in Sources */,
			);
			runOnlyForDeploymentPostprocessing = 0;
		};
		344C92AB2F35675A008C5CF7 /* Sources */ = {
			isa = PBXSourcesBuildPhase;
			buildActionMask = 2147483647;
			files = (
				344C92B62F35675A008C5CF7 /* WhatsappUITestsLaunchTests.swift in Sources */,
				344C92B42F35675A008C5CF7 /* WhatsappUITests.swift in Sources */,
			);
			runOnlyForDeploymentPostprocessing = 0;
		};
/* End PBXSourcesBuildPhase section */

/* Begin PBXTargetDependency section */
		344C92A72F35675A008C5CF7 /* PBXTargetDependency */ = {
			isa = PBXTargetDependency;
			target = 344C92932F356736008C5CF7 /* Whatsapp */;
			targetProxy = 344C92A62F35675A008C5CF7 /* PBXContainerItemProxy */;
		};
		344C92B12F35675A008C5CF7 /* PBXTargetDependency */ = {
			isa = PBXTargetDependency;
			target = 344C92932F356736008C5CF7 /* Whatsapp */;
			targetProxy = 344C92B02F35675A008C5CF7 /* PBXContainerItemProxy */;
		};
/* End PBXTargetDependency section */

/* Begin XCBuildConfiguration section */
		344C92B72F35675A008C5CF7 /* Debug */ = {
			isa = XCBuildConfiguration;
			buildSettings = {
				ALWAYS_SEARCH_USER_PATHS = NO;
				CLANG_ANALYZER_NONNULL = YES;
				CLANG_ANALYZER_NUMBER_OBJECT_CONVERSION = YES_AGGRESSIVE;
				CLANG_CXX_LANGUAGE_STANDARD = "gnu++17";
				CLANG_CXX_LIBRARY = "libc++";
				CLANG_ENABLE_MODULES = YES;
				CLANG_ENABLE_OBJC_ARC = YES;
				CLANG_ENABLE_OBJC_WEAK = YES;
				CLANG_WARN_BLOCK_CAPTURE_AUTORELEASING = YES;
				CLANG_WARN_BOOL_CONVERSION = YES;
				CLANG_WARN_COMMA = YES;
				CLANG_WARN_CONSTANT_CONVERSION = YES;
				CLANG_WARN_DEPRECATED_OBJC_IMPLEMENTATIONS = YES;
				CLANG_WARN_DIRECT_OBJC_ISA_USAGE = YES_ERROR;
				CLANG_WARN_DOCUMENTATION_COMMENTS = YES;
				CLANG_WARN_EMPTY_BODY = YES;
				CLANG_WARN_ENUM_CONVERSION = YES;
				CLANG_WARN_INFINITE_RECURSION = YES;
				CLANG_WARN_INT_CONVERSION = YES;
				CLANG_WARN_NON_LITERAL_NULL_CONVERSION = YES;
				CLANG_WARN_OBJC_IMPLICIT_RETAIN_SELF = YES;
				CLANG_WARN_OBJC_LITERAL_CONVERSION = YES;
				CLANG_WARN_OBJC_ROOT_CLASS = YES_ERROR;
				CLANG_WARN_QUOTED_INCLUDE_IN_FRAMEWORK_HEADER = YES;
				CLANG_WARN_RANGE_LOOP_ANALYSIS = YES;
				CLANG_WARN_STRICT_PROTOTYPES = YES;
				CLANG_WARN_SUSPICIOUS_MOVE = YES;
				CLANG_WARN_UNGUARDED_AVAILABILITY = YES_AGGRESSIVE;
				CLANG_WARN_UNREACHABLE_CODE = YES;
				CLANG_WARN__DUPLICATE_METHOD_MATCH = YES;
				COPY_PHASE_STRIP = NO;
				DEBUG_INFORMATION_FORMAT = dwarf;
				ENABLE_STRICT_OBJC_MSGSEND = YES;
				ENABLE_TESTABILITY = YES;
				GCC_C_LANGUAGE_STANDARD = gnu11;
				GCC_DYNAMIC_NO_PIC = NO;
				GCC_NO_COMMON_BLOCKS = YES;
				GCC_OPTIMIZATION_LEVEL = 0;
				GCC_PREPROCESSOR_DEFINITIONS = (
					"DEBUG=1",
					"$(inherited)",
				);
				GCC_WARN_64_TO_32_BIT_CONVERSION = YES;
				GCC_WARN_ABOUT_RETURN_TYPE = YES_ERROR;
				GCC_WARN_UNDECLARED_SELECTOR = YES;
				GCC_WARN_UNINITIALIZED_AUTOS = YES_AGGRESSIVE;
				GCC_WARN_UNUSED_FUNCTION = YES;
				GCC_WARN_UNUSED_VARIABLE = YES;
				MACOSX_DEPLOYMENT_TARGET = 11.7;
				MTL_ENABLE_DEBUG_INFO = INCLUDE_SOURCE;
				MTL_FAST_MATH = YES;
				ONLY_ACTIVE_ARCH = YES;
				SDKROOT = macosx;
				SWIFT_ACTIVE_COMPILATION_CONDITIONS = DEBUG;
				SWIFT_OPTIMIZATION_LEVEL = "-Onone";
			};
			name = Debug;
		};
		344C92B82F35675A008C5CF7 /* Release */ = {
			isa = XCBuildConfiguration;
			buildSettings = {
				ALWAYS_SEARCH_USER_PATHS = NO;
				CLANG_ANALYZER_NONNULL = YES;
				CLANG_ANALYZER_NUMBER_OBJECT_CONVERSION = YES_AGGRESSIVE;
				CLANG_CXX_LANGUAGE_STANDARD = "gnu++17";
				CLANG_CXX_LIBRARY = "libc++";
				CLANG_ENABLE_MODULES = YES;
				CLANG_ENABLE_OBJC_ARC = YES;
				CLANG_ENABLE_OBJC_WEAK = YES;
				CLANG_WARN_BLOCK_CAPTURE_AUTORELEASING = YES;
				CLANG_WARN_BOOL_CONVERSION = YES;
				CLANG_WARN_COMMA = YES;
				CLANG_WARN_CONSTANT_CONVERSION = YES;
				CLANG_WARN_DEPRECATED_OBJC_IMPLEMENTATIONS = YES;
				CLANG_WARN_DIRECT_OBJC_ISA_USAGE = YES_ERROR;
				CLANG_WARN_DOCUMENTATION_COMMENTS = YES;
				CLANG_WARN_EMPTY_BODY = YES;
				CLANG_WARN_ENUM_CONVERSION = YES;
				CLANG_WARN_INFINITE_RECURSION = YES;
				CLANG_WARN_INT_CONVERSION = YES;
				CLANG_WARN_NON_LITERAL_NULL_CONVERSION = YES;
				CLANG_WARN_OBJC_IMPLICIT_RETAIN_SELF = YES;
				CLANG_WARN_OBJC_LITERAL_CONVERSION = YES;
				CLANG_WARN_OBJC_ROOT_CLASS = YES_ERROR;
				CLANG_WARN_QUOTED_INCLUDE_IN_FRAMEWORK_HEADER = YES;
				CLANG_WARN_RANGE_LOOP_ANALYSIS = YES;
				CLANG_WARN_STRICT_PROTOTYPES = YES;
				CLANG_WARN_SUSPICIOUS_MOVE = YES;
				CLANG_WARN_UNGUARDED_AVAILABILITY = YES_AGGRESSIVE;
				CLANG_WARN_UNREACHABLE_CODE = YES;
				CLANG_WARN__DUPLICATE_METHOD_MATCH = YES;
				COPY_PHASE_STRIP = NO;
				DEBUG_INFORMATION_FORMAT = "dwarf-with-dsym";
				ENABLE_NS_ASSERTIONS = NO;
				ENABLE_STRICT_OBJC_MSGSEND = YES;
				GCC_C_LANGUAGE_STANDARD = gnu11;
				GCC_NO_COMMON_BLOCKS = YES;
				GCC_WARN_64_TO_32_BIT_CONVERSION = YES;
				GCC_WARN_ABOUT_RETURN_TYPE = YES_ERROR;
				GCC_WARN_UNDECLARED_SELECTOR = YES;
				GCC_WARN_UNINITIALIZED_AUTOS = YES_AGGRESSIVE;
				GCC_WARN_UNUSED_FUNCTION = YES;
				GCC_WARN_UNUSED_VARIABLE = YES;
				MACOSX_DEPLOYMENT_TARGET = 11.7;
				MTL_ENABLE_DEBUG_INFO = NO;
				MTL_FAST_MATH = YES;
				SDKROOT = macosx;
				SWIFT_COMPILATION_MODE = wholemodule;
				SWIFT_OPTIMIZATION_LEVEL = "-O";
			};
			name = Release;
		};
		344C92BA2F35675A008C5CF7 /* Debug */ = {
			isa = XCBuildConfiguration;
			buildSettings = {
				ASSETCATALOG_COMPILER_APPICON_NAME = AppIcon;
				ASSETCATALOG_COMPILER_GLOBAL_ACCENT_COLOR_NAME = AccentColor;
				CODE_SIGN_ENTITLEMENTS = Whatsapp/Whatsapp.entitlements;
				CODE_SIGN_STYLE = Automatic;
				COMBINE_HIDPI_IMAGES = YES;
				CURRENT_PROJECT_VERSION = 1;
				DEVELOPMENT_ASSET_PATHS = "\"Whatsapp/Preview Content\"";
				ENABLE_PREVIEWS = YES;
				GENERATE_INFOPLIST_FILE = YES;
				INFOPLIST_KEY_NSHumanReadableCopyright = "";
				LD_RUNPATH_SEARCH_PATHS = (
					"$(inherited)",
					"@executable_path/../Frameworks",
				);
				MARKETING_VERSION = 1.0;
				PRODUCT_BUNDLE_IDENTIFIER = com.oriongate.Whatsapp;
				PRODUCT_NAME = "$(TARGET_NAME)";
				SWIFT_EMIT_LOC_STRINGS = YES;
				SWIFT_VERSION = 5.0;
			};
			name = Debug;
		};
		344C92BB2F35675A008C5CF7 /* Release */ = {
			isa = XCBuildConfiguration;
			buildSettings = {
				ASSETCATALOG_COMPILER_APPICON_NAME = AppIcon;
				ASSETCATALOG_COMPILER_GLOBAL_ACCENT_COLOR_NAME = AccentColor;
				CODE_SIGN_ENTITLEMENTS = Whatsapp/Whatsapp.entitlements;
				CODE_SIGN_STYLE = Automatic;
				COMBINE_HIDPI_IMAGES = YES;
				CURRENT_PROJECT_VERSION = 1;
				DEVELOPMENT_ASSET_PATHS = "\"Whatsapp/Preview Content\"";
				ENABLE_PREVIEWS = YES;
				GENERATE_INFOPLIST_FILE = YES;
				INFOPLIST_KEY_NSHumanReadableCopyright = "";
				LD_RUNPATH_SEARCH_PATHS = (
					"$(inherited)",
					"@executable_path/../Frameworks",
				);
				MARKETING_VERSION = 1.0;
				PRODUCT_BUNDLE_IDENTIFIER = com.oriongate.Whatsapp;
				PRODUCT_NAME = "$(TARGET_NAME)";
				SWIFT_EMIT_LOC_STRINGS = YES;
				SWIFT_VERSION = 5.0;
			};
			name = Release;
		};
		344C92BD2F35675A008C5CF7 /* Debug */ = {
			isa = XCBuildConfiguration;
			buildSettings = {
				ALWAYS_EMBED_SWIFT_STANDARD_LIBRARIES = YES;
				BUNDLE_LOADER = "$(TEST_HOST)";
				CODE_SIGN_STYLE = Automatic;
				CURRENT_PROJECT_VERSION = 1;
				GENERATE_INFOPLIST_FILE = YES;
				MACOSX_DEPLOYMENT_TARGET = 11.7;
				MARKETING_VERSION = 1.0;
				PRODUCT_BUNDLE_IDENTIFIER = oriongate.WhatsappTests;
				PRODUCT_NAME = "$(TARGET_NAME)";
				SWIFT_EMIT_LOC_STRINGS = NO;
				SWIFT_VERSION = 5.0;
				TEST_HOST = "$(BUILT_PRODUCTS_DIR)/Whatsapp.app/Contents/MacOS/Whatsapp";
			};
			name = Debug;
		};
		344C92BE2F35675A008C5CF7 /* Release */ = {
			isa = XCBuildConfiguration;
			buildSettings = {
				ALWAYS_EMBED_SWIFT_STANDARD_LIBRARIES = YES;
				BUNDLE_LOADER = "$(TEST_HOST)";
				CODE_SIGN_STYLE = Automatic;
				CURRENT_PROJECT_VERSION = 1;
				GENERATE_INFOPLIST_FILE = YES;
				MACOSX_DEPLOYMENT_TARGET = 11.7;
				MARKETING_VERSION = 1.0;
				PRODUCT_BUNDLE_IDENTIFIER = oriongate.WhatsappTests;
				PRODUCT_NAME = "$(TARGET_NAME)";
				SWIFT_EMIT_LOC_STRINGS = NO;
				SWIFT_VERSION = 5.0;
				TEST_HOST = "$(BUILT_PRODUCTS_DIR)/Whatsapp.app/Contents/MacOS/Whatsapp";
			};
			name = Release;
		};
		344C92C02F35675A008C5CF7 /* Debug */ = {
			isa = XCBuildConfiguration;
			buildSettings = {
				ALWAYS_EMBED_SWIFT_STANDARD_LIBRARIES = YES;
				CODE_SIGN_STYLE = Automatic;
				CURRENT_PROJECT_VERSION = 1;
				GENERATE_INFOPLIST_FILE = YES;
				MARKETING_VERSION = 1.0;
				PRODUCT_BUNDLE_IDENTIFIER = oriongate.WhatsappUITests;
				PRODUCT_NAME = "$(TARGET_NAME)";
				SWIFT_EMIT_LOC_STRINGS = NO;
				SWIFT_VERSION = 5.0;
				TEST_TARGET_NAME = Whatsapp;
			};
			name = Debug;
		};
		344C92C12F35675A008C5CF7 /* Release */ = {
			isa = XCBuildConfiguration;
			buildSettings = {
				ALWAYS_EMBED_SWIFT_STANDARD_LIBRARIES = YES;
				CODE_SIGN_STYLE = Automatic;
				CURRENT_PROJECT_VERSION = 1;
				GENERATE_INFOPLIST_FILE = YES;
				MARKETING_VERSION = 1.0;
				PRODUCT_BUNDLE_IDENTIFIER = oriongate.WhatsappUITests;
				PRODUCT_NAME = "$(TARGET_NAME)";
				SWIFT_EMIT_LOC_STRINGS = NO;
				SWIFT_VERSION = 5.0;
				TEST_TARGET_NAME = Whatsapp;
			};
			name = Release;
		};
/* End XCBuildConfiguration section */

/* Begin XCConfigurationList section */
		344C928F2F356736008C5CF7 /* Build configuration list for PBXProject "Whatsapp" */ = {
			isa = XCConfigurationList;
			buildConfigurations = (
				344C92B72F35675A008C5CF7 /* Debug */,
				344C92B82F35675A008C5CF7 /* Release */,
			);
			defaultConfigurationIsVisible = 0;
			defaultConfigurationName = Release;
		};
		344C92B92F35675A008C5CF7 /* Build configuration list for PBXNativeTarget "Whatsapp" */ = {
			isa = XCConfigurationList;
			buildConfigurations = (
				344C92BA2F35675A008C5CF7 /* Debug */,
				344C92BB2F35675A008C5CF7 /* Release */,
			);
			defaultConfigurationIsVisible = 0;
			defaultConfigurationName = Release;
		};
		344C92BC2F35675A008C5CF7 /* Build configuration list for PBXNativeTarget "WhatsappTests" */ = {
			isa = XCConfigurationList;
			buildConfigurations = (
				344C92BD2F35675A008C5CF7 /* Debug */,
				344C92BE2F35675A008C5CF7 /* Release */,
			);
			defaultConfigurationIsVisible = 0;
			defaultConfigurationName = Release;
		};
		344C92BF2F35675A008C5CF7 /* Build configuration list for PBXNativeTarget "WhatsappUITests" */ = {
			isa = XCConfigurationList;
			buildConfigurations = (
				344C92C02F35675A008C5CF7 /* Debug */,
				344C92C12F35675A008C5CF7 /* Release */,
			);
			defaultConfigurationIsVisible = 0;
			defaultConfigurationName = Release;
		};
/* End XCConfigurationList section */
	};
	rootObject = 344C928C2F356736008C5CF7 /* Project object */;
}
